
Microsoft Visual Studio Solution File, Format Version 12.00
# Visual Studio 15
VisualStudioVersion = 15.0.27130.2010
MinimumVisualStudioVersion = 10.0.40219.1
Project("{FAE04EC0-301F-11D3-BF4B-00C04F79EFBC}") = "MVCDec28", "MVCDec28\MVCDec28.csproj", "{1022B643-5155-4CF8-BF37-1452D37D68BD}"
EndProject
Global
	GlobalSection(SolutionConfigurationPlatforms) = preSolution
		Debug|Any CPU = Debug|Any CPU
		Release|Any CPU = Release|Any CPU
	EndGlobalSection
	GlobalSection(ProjectConfigurationPlatforms) = postSolution
		{1022B643-5155-4CF8-BF37-1452D37D68BD}.Debug|Any CPU.ActiveCfg = Debug|Any CPU
		{1022B643-5155-4CF8-BF37-1452D37D68BD}.Debug|Any CPU.Build.0 = Debug|Any CPU
		{1022B643-5155-4CF8-BF37-1452D37D68BD}.Release|Any CPU.ActiveCfg = Release|Any CPU
		{1022B643-5155-4CF8-BF37-1452D37D68BD}.Release|Any CPU.Build.0 = Release|Any CPU
	EndGlobalSection
	GlobalSection(SolutionProperties) = preSolution
		HideSolutionNode = FALSE
	EndGlobalSection
	GlobalSection(ExtensibilityGlobals) = postSolution
		SolutionGuid = {11E1E476-74BD-4BBB-B087-4ECC638AF72D}
	EndGlobalSection
EndGlobal
